# THIS IS AN AUTOGENERATED FILE. DO NOT EDIT THIS FILE DIRECTLY.
# yarn lockfile v1


p5@^0.9.0:
  version "0.9.0"
  resolved "https://registry.yarnpkg.com/p5/-/p5-0.9.0.tgz#a4431bf2a0ff6ede06e2c512faddb495c3332504"
  integrity sha512-N8FzKr9SKofl4f+d9g6oYDRk5JOYgY1bIhCInzNxW7khc1zk7whQIOhaHeijSslfN3rJYfWso6Fn3O/w+TCwLg==
